
Microsoft Visual Studio Solution File, Format Version 12.00
# Visual Studio Version 17
VisualStudioVersion = 17.11.35327.3
MinimumVisualStudioVersion = 10.0.40219.1
Project("{FAE04EC0-301F-11D3-BF4B-00C04F79EFBC}") = "UTS PBO", "UTS PBO\UTS PBO.csproj", "{7E9E98E8-A01C-424A-A495-BE41CDB9E5AC}"
EndProject
Global
	GlobalSection(SolutionConfigurationPlatforms) = preSolution
		Debug|Any CPU = Debug|Any CPU
		Release|Any CPU = Release|Any CPU
	EndGlobalSection
	GlobalSection(ProjectConfigurationPlatforms) = postSolution
		{7E9E98E8-A01C-424A-A495-BE41CDB9E5AC}.Debug|Any CPU.ActiveCfg = Debug|Any CPU
		{7E9E98E8-A01C-424A-A495-BE41CDB9E5AC}.Debug|Any CPU.Build.0 = Debug|Any CPU
		{7E9E98E8-A01C-424A-A495-BE41CDB9E5AC}.Release|Any CPU.ActiveCfg = Release|Any CPU
		{7E9E98E8-A01C-424A-A495-BE41CDB9E5AC}.Release|Any CPU.Build.0 = Release|Any CPU
	EndGlobalSection
	GlobalSection(SolutionProperties) = preSolution
		HideSolutionNode = FALSE
	EndGlobalSection
	GlobalSection(ExtensibilityGlobals) = postSolution
		SolutionGuid = {F78AEFF7-B964-4E03-8429-CF18DDEE4CAB}
	EndGlobalSection
EndGlobal
